
Microsoft Visual Studio Solution File, Format Version 12.00
Project("{FAE04EC0-301F-11D3-BF4B-00C04F79EFBC}") = "Blazor.MVVM", "Blazor.MVVM\Blazor.MVVM.csproj", "{E1071234-16E4-4B93-8305-C69BD9AB7159}"
EndProject
Project("{FAE04EC0-301F-11D3-BF4B-00C04F79EFBC}") = "Blazor.MVVM.Lib", "Blazor.MVVM.Lib\Blazor.MVVM.Lib.csproj", "{A46EE12E-2595-4A1F-A374-B946C93C3F5A}"
EndProject
Project("{FAE04EC0-301F-11D3-BF4B-00C04F79EFBC}") = "Blazor.MVVM.ExampleComponents", "Blazor.MVVM.ExampleComponents\Blazor.MVVM.ExampleComponents.csproj", "{204AFBE5-B935-4371-8CA0-5074A3D7312A}"
EndProject
Global
	GlobalSection(SolutionConfigurationPlatforms) = preSolution
		Debug|Any CPU = Debug|Any CPU
		Release|Any CPU = Release|Any CPU
	EndGlobalSection
	GlobalSection(ProjectConfigurationPlatforms) = postSolution
		{E1071234-16E4-4B93-8305-C69BD9AB7159}.Debug|Any CPU.ActiveCfg = Debug|Any CPU
		{E1071234-16E4-4B93-8305-C69BD9AB7159}.Debug|Any CPU.Build.0 = Debug|Any CPU
		{E1071234-16E4-4B93-8305-C69BD9AB7159}.Release|Any CPU.ActiveCfg = Release|Any CPU
		{E1071234-16E4-4B93-8305-C69BD9AB7159}.Release|Any CPU.Build.0 = Release|Any CPU
		{A46EE12E-2595-4A1F-A374-B946C93C3F5A}.Debug|Any CPU.ActiveCfg = Debug|Any CPU
		{A46EE12E-2595-4A1F-A374-B946C93C3F5A}.Debug|Any CPU.Build.0 = Debug|Any CPU
		{A46EE12E-2595-4A1F-A374-B946C93C3F5A}.Release|Any CPU.ActiveCfg = Release|Any CPU
		{A46EE12E-2595-4A1F-A374-B946C93C3F5A}.Release|Any CPU.Build.0 = Release|Any CPU
		{204AFBE5-B935-4371-8CA0-5074A3D7312A}.Debug|Any CPU.ActiveCfg = Debug|Any CPU
		{204AFBE5-B935-4371-8CA0-5074A3D7312A}.Debug|Any CPU.Build.0 = Debug|Any CPU
		{204AFBE5-B935-4371-8CA0-5074A3D7312A}.Release|Any CPU.ActiveCfg = Release|Any CPU
		{204AFBE5-B935-4371-8CA0-5074A3D7312A}.Release|Any CPU.Build.0 = Release|Any CPU
	EndGlobalSection
EndGlobal
